PODS:
  - GoogleMaps (7.3.0):
    - GoogleMaps/Maps (= 7.3.0)
  - GoogleMaps/Base (7.3.0)
  - GoogleMaps/Maps (7.3.0):
    - GoogleMaps/Base
  - GooglePlaces (7.3.0)
  - GRDB.swift (6.10.1):
    - GRDB.swift/standard (= 6.10.1)
  - GRDB.swift/standard (6.10.1)

DEPENDENCIES:
  - GoogleMaps (= 7.3.0)
  - GooglePlaces (= 7.3.0)
  - GRDB.swift

SPEC REPOS:
  https://github.com/CocoaPods/Specs.git:
    - GoogleMaps
    - GooglePlaces
    - GRDB.swift

SPEC CHECKSUMS:
  GoogleMaps: a146f275ee429d14822178c7a841c03366ec92a1
  GooglePlaces: 0609463845250bbadafa1739938181e54dece439
  GRDB.swift: 1cc67278f1a9878d6eb1b849485518112b79cab7

PODFILE CHECKSUM: ca4f3744fcabba472685446552db81610407cef6

COCOAPODS: 1.12.0
