// !$*UTF8*$!
{
	archiveVersion = 1;
	classes = {
	};
	objectVersion = 56;
	objects = {

/* Begin PBXBuildFile section */
		037C65BF297CFE1F00A41451 /* AppDelegate.swift in Sources */ = {isa = PBXBuildFile; fileRef = 037C65BE297CFE1F00A41451 /* AppDelegate.swift */; };
		037C65C1297CFE1F00A41451 /* SceneDelegate.swift in Sources */ = {isa = PBXBuildFile; fileRef = 037C65C0297CFE1F00A41451 /* SceneDelegate.swift */; };
		037C65C3297CFE1F00A41451 /* ViewController.swift in Sources */ = {isa = PBXBuildFile; fileRef = 037C65C2297CFE1F00A41451 /* ViewController.swift */; };
		037C65C6297CFE1F00A41451 /* Main.storyboard in Resources */ = {isa = PBXBuildFile; fileRef = 037C65C4297CFE1F00A41451 /* Main.storyboard */; };
		037C65C9297CFE1F00A41451 /* GCA.xcdatamodeld in Sources */ = {isa = PBXBuildFile; fileRef = 037C65C7297CFE1F00A41451 /* GCA.xcdatamodeld */; };
		037C65CB297CFE2000A41451 /* Assets.xcassets in Resources */ = {isa = PBXBuildFile; fileRef = 037C65CA297CFE2000A41451 /* Assets.xcassets */; };
		037C65CE297CFE2000A41451 /* LaunchScreen.storyboard in Resources */ = {isa = PBXBuildFile; fileRef = 037C65CC297CFE2000A41451 /* LaunchScreen.storyboard */; };
		629E37C8F282B455FA7657D7 /* libPods-GCA.a in Frameworks */ = {isa = PBXBuildFile; fileRef = FBBFA014B7BCEC1437ECF47B /* libPods-GCA.a */; };
/* End PBXBuildFile section */

/* Begin PBXFileReference section */
		037C65BB297CFE1F00A41451 /* GCA.app */ = {isa = PBXFileReference; explicitFileType = wrapper.application; includeInIndex = 0; path = GCA.app; sourceTree = BUILT_PRODUCTS_DIR; };
		037C65BE297CFE1F00A41451 /* AppDelegate.swift */ = {isa = PBXFileReference; lastKnownFileType = sourcecode.swift; path = AppDelegate.swift; sourceTree = "<group>"; };
		037C65C0297CFE1F00A41451 /* SceneDelegate.swift */ = {isa = PBXFileReference; lastKnownFileType = sourcecode.swift; path = SceneDelegate.swift; sourceTree = "<group>"; };
		037C65C2297CFE1F00A41451 /* ViewController.swift */ = {isa = PBXFileReference; lastKnownFileType = sourcecode.swift; path = ViewController.swift; sourceTree = "<group>"; };
		037C65C5297CFE1F00A41451 /* Base */ = {isa = PBXFileReference; lastKnownFileType = file.storyboard; name = Base; path = Base.lproj/Main.storyboard; sourceTree = "<group>"; };
		037C65C8297CFE1F00A41451 /* GCA.xcdatamodel */ = {isa = PBXFileReference; lastKnownFileType = wrapper.xcdatamodel; path = GCA.xcdatamodel; sourceTree = "<group>"; };
		037C65CA297CFE2000A41451 /* Assets.xcassets */ = {isa = PBXFileReference; lastKnownFileType = folder.assetcatalog; path = Assets.xcassets; sourceTree = "<group>"; };
		037C65CD297CFE2000A41451 /* Base */ = {isa = PBXFileReference; lastKnownFileType = file.storyboard; name = Base; path = Base.lproj/LaunchScreen.storyboard; sourceTree = "<group>"; };
		037C65CF297CFE2000A41451 /* Info.plist */ = {isa = PBXFileReference; lastKnownFileType = text.plist.xml; path = Info.plist; sourceTree = "<group>"; };
		08EB781CF4E6256808B7A458 /* Pods-GCA.debug.xcconfig */ = {isa = PBXFileReference; includeInIndex = 1; lastKnownFileType = text.xcconfig; name = "Pods-GCA.debug.xcconfig"; path = "Target Support Files/Pods-GCA/Pods-GCA.debug.xcconfig"; sourceTree = "<group>"; };
		BD09495108DF0A22453413ED /* Pods-GCA.release.xcconfig */ = {isa = PBXFileReference; includeInIndex = 1; lastKnownFileType = text.xcconfig; name = "Pods-GCA.release.xcconfig"; path = "Target Support Files/Pods-GCA/Pods-GCA.release.xcconfig"; sourceTree = "<group>"; };
		FBBFA014B7BCEC1437ECF47B /* libPods-GCA.a */ = {isa = PBXFileReference; explicitFileType = archive.ar; includeInIndex = 0; path = "libPods-GCA.a"; sourceTree = BUILT_PRODUCTS_DIR; };
/* End PBXFileReference section */

/* Begin PBXFrameworksBuildPhase section */
		037C65B8297CFE1F00A41451 /* Frameworks */ = {
			isa = PBXFrameworksBuildPhase;
			buildActionMask = 2147483647;
			files = (
				629E37C8F282B455FA7657D7 /* libPods-GCA.a in Frameworks */,
			);
			runOnlyForDeploymentPostprocessing = 0;
		};
/* End PBXFrameworksBuildPhase section */

/* Begin PBXGroup section */
		037C65B2297CFE1F00A41451 = {
			isa = PBXGroup;
			children = (
				037C65BD297CFE1F00A41451 /* GCA */,
				037C65BC297CFE1F00A41451 /* Products */,
				79DD7358DD46ED9DDB48AE21 /* Pods */,
				B54B85851F3E760866C8D193 /* Frameworks */,
			);
			sourceTree = "<group>";
		};
		037C65BC297CFE1F00A41451 /* Products */ = {
			isa = PBXGroup;
			children = (
				037C65BB297CFE1F00A41451 /* GCA.app */,
			);
			name = Products;
			sourceTree = "<group>";
		};
		037C65BD297CFE1F00A41451 /* GCA */ = {
			isa = PBXGroup;
			children = (
				037C65BE297CFE1F00A41451 /* AppDelegate.swift */,
				037C65C0297CFE1F00A41451 /* SceneDelegate.swift */,
				037C65C2297CFE1F00A41451 /* ViewController.swift */,
				037C65C4297CFE1F00A41451 /* Main.storyboard */,
				037C65CA297CFE2000A41451 /* Assets.xcassets */,
				037C65CC297CFE2000A41451 /* LaunchScreen.storyboard */,
				037C65CF297CFE2000A41451 /* Info.plist */,
				037C65C7297CFE1F00A41451 /* GCA.xcdatamodeld */,
			);
			path = GCA;
			sourceTree = "<group>";
		};
		79DD7358DD46ED9DDB48AE21 /* Pods */ = {
			isa = PBXGroup;
			children = (
				08EB781CF4E6256808B7A458 /* Pods-GCA.debug.xcconfig */,
				BD09495108DF0A22453413ED /* Pods-GCA.release.xcconfig */,
			);
			name = Pods;
			path = Pods;
			sourceTree = "<group>";
		};
		B54B85851F3E760866C8D193 /* Frameworks */ = {
			isa = PBXGroup;
			children = (
				FBBFA014B7BCEC1437ECF47B /* libPods-GCA.a */,
			);
			name = Frameworks;
			sourceTree = "<group>";
		};
/* End PBXGroup section */

/* Begin PBXNativeTarget section */
		037C65BA297CFE1F00A41451 /* GCA */ = {
			isa = PBXNativeTarget;
			buildConfigurationList = 037C65D2297CFE2000A41451 /* Build configuration list for PBXNativeTarget "GCA" */;
			buildPhases = (
				EC103FA79B47277BD7DBC5DA /* [CP] Check Pods Manifest.lock */,
				037C65B7297CFE1F00A41451 /* Sources */,
				037C65B8297CFE1F00A41451 /* Frameworks */,
				037C65B9297CFE1F00A41451 /* Resources */,
				6C9733EC48300CAADD60C496 /* [CP] Copy Pods Resources */,
			);
			buildRules = (
			);
			dependencies = (
			);
			name = GCA;
			productName = GCA;
			productReference = 037C65BB297CFE1F00A41451 /* GCA.app */;
			productType = "com.apple.product-type.application";
		};
/* End PBXNativeTarget section */

/* Begin PBXProject section */
		037C65B3297CFE1F00A41451 /* Project object */ = {
			isa = PBXProject;
			attributes = {
				BuildIndependentTargetsInParallel = 1;
				LastSwiftUpdateCheck = 1410;
				LastUpgradeCheck = 1410;
				TargetAttributes = {
					037C65BA297CFE1F00A41451 = {
						CreatedOnToolsVersion = 14.1;
					};
				};
			};
			buildConfigurationList = 037C65B6297CFE1F00A41451 /* Build configuration list for PBXProject "GCA" */;
			compatibilityVersion = "Xcode 14.0";
			developmentRegion = en;
			hasScannedForEncodings = 0;
			knownRegions = (
				en,
				Base,
			);
			mainGroup = 037C65B2297CFE1F00A41451;
			productRefGroup = 037C65BC297CFE1F00A41451 /* Products */;
			projectDirPath = "";
			projectRoot = "";
			targets = (
				037C65BA297CFE1F00A41451 /* GCA */,
			);
		};
/* End PBXProject section */

/* Begin PBXResourcesBuildPhase section */
		037C65B9297CFE1F00A41451 /* Resources */ = {
			isa = PBXResourcesBuildPhase;
			buildActionMask = 2147483647;
			files = (
				037C65CE297CFE2000A41451 /* LaunchScreen.storyboard in Resources */,
				037C65CB297CFE2000A41451 /* Assets.xcassets in Resources */,
				037C65C6297CFE1F00A41451 /* Main.storyboard in Resources */,
			);
			runOnlyForDeploymentPostprocessing = 0;
		};
/* End PBXResourcesBuildPhase section */

/* Begin PBXShellScriptBuildPhase section */
		6C9733EC48300CAADD60C496 /* [CP] Copy Pods Resources */ = {
			isa = PBXShellScriptBuildPhase;
			buildActionMask = 2147483647;
			files = (
			);
			inputFileListPaths = (
				"${PODS_ROOT}/Target Support Files/Pods-GCA/Pods-GCA-resources-${CONFIGURATION}-input-files.xcfilelist",
			);
			name = "[CP] Copy Pods Resources";
			outputFileListPaths = (
				"${PODS_ROOT}/Target Support Files/Pods-GCA/Pods-GCA-resources-${CONFIGURATION}-output-files.xcfilelist",
			);
			runOnlyForDeploymentPostprocessing = 0;
			shellPath = /bin/sh;
			shellScript = "\"${PODS_ROOT}/Target Support Files/Pods-GCA/Pods-GCA-resources.sh\"\n";
			showEnvVarsInLog = 0;
		};
		EC103FA79B47277BD7DBC5DA /* [CP] Check Pods Manifest.lock */ = {
			isa = PBXShellScriptBuildPhase;
			buildActionMask = 2147483647;
			files = (
			);
			inputFileListPaths = (
			);
			inputPaths = (
				"${PODS_PODFILE_DIR_PATH}/Podfile.lock",
				"${PODS_ROOT}/Manifest.lock",
			);
			name = "[CP] Check Pods Manifest.lock";
			outputFileListPaths = (
			);
			outputPaths = (
				"$(DERIVED_FILE_DIR)/Pods-GCA-checkManifestLockResult.txt",
			);
			runOnlyForDeploymentPostprocessing = 0;
			shellPath = /bin/sh;
			shellScript = "diff \"${PODS_PODFILE_DIR_PATH}/Podfile.lock\" \"${PODS_ROOT}/Manifest.lock\" > /dev/null\nif [ $? != 0 ] ; then\n    # print error to STDERR\n    echo \"error: The sandbox is not in sync with the Podfile.lock. Run 'pod install' or update your CocoaPods installation.\" >&2\n    exit 1\nfi\n# This output is used by Xcode 'outputs' to avoid re-running this script phase.\necho \"SUCCESS\" > \"${SCRIPT_OUTPUT_FILE_0}\"\n";
			showEnvVarsInLog = 0;
		};
/* End PBXShellScriptBuildPhase section */

/* Begin PBXSourcesBuildPhase section */
		037C65B7297CFE1F00A41451 /* Sources */ = {
			isa = PBXSourcesBuildPhase;
			buildActionMask = 2147483647;
			files = (
				037C65C3297CFE1F00A41451 /* ViewController.swift in Sources */,
				037C65BF297CFE1F00A41451 /* AppDelegate.swift in Sources */,
				037C65C1297CFE1F00A41451 /* SceneDelegate.swift in Sources */,
				037C65C9297CFE1F00A41451 /* GCA.xcdatamodeld in Sources */,
			);
			runOnlyForDeploymentPostprocessing = 0;
		};
/* End PBXSourcesBuildPhase section */

/* Begin PBXVariantGroup section */
		037C65C4297CFE1F00A41451 /* Main.storyboard */ = {
			isa = PBXVariantGroup;
			children = (
				037C65C5297CFE1F00A41451 /* Base */,
			);
			name = Main.storyboard;
			sourceTree = "<group>";
		};
		037C65CC297CFE2000A41451 /* LaunchScreen.storyboard */ = {
			isa = PBXVariantGroup;
			children = (
				037C65CD297CFE2000A41451 /* Base */,
			);
			name = LaunchScreen.storyboard;
			sourceTree = "<group>";
		};
/* End PBXVariantGroup section */

/* Begin XCBuildConfiguration section */
		037C65D0297CFE2000A41451 /* Debug */ = {
			isa = XCBuildConfiguration;
			buildSettings = {
				ALWAYS_SEARCH_USER_PATHS = NO;
				CLANG_ANALYZER_NONNULL = YES;
				CLANG_ANALYZER_NUMBER_OBJECT_CONVERSION = YES_AGGRESSIVE;
				CLANG_CXX_LANGUAGE_STANDARD = "gnu++20";
				CLANG_ENABLE_MODULES = YES;
				CLANG_ENABLE_OBJC_ARC = YES;
				CLANG_ENABLE_OBJC_WEAK = YES;
				CLANG_WARN_BLOCK_CAPTURE_AUTORELEASING = YES;
				CLANG_WARN_BOOL_CONVERSION = YES;
				CLANG_WARN_COMMA = YES;
				CLANG_WARN_CONSTANT_CONVERSION = YES;
				CLANG_WARN_DEPRECATED_OBJC_IMPLEMENTATIONS = YES;
				CLANG_WARN_DIRECT_OBJC_ISA_USAGE = YES_ERROR;
				CLANG_WARN_DOCUMENTATION_COMMENTS = YES;
				CLANG_WARN_EMPTY_BODY = YES;
				CLANG_WARN_ENUM_CONVERSION = YES;
				CLANG_WARN_INFINITE_RECURSION = YES;
				CLANG_WARN_INT_CONVERSION = YES;
				CLANG_WARN_NON_LITERAL_NULL_CONVERSION = YES;
				CLANG_WARN_OBJC_IMPLICIT_RETAIN_SELF = YES;
				CLANG_WARN_OBJC_LITERAL_CONVERSION = YES;
				CLANG_WARN_OBJC_ROOT_CLASS = YES_ERROR;
				CLANG_WARN_QUOTED_INCLUDE_IN_FRAMEWORK_HEADER = YES;
				CLANG_WARN_RANGE_LOOP_ANALYSIS = YES;
				CLANG_WARN_STRICT_PROTOTYPES = YES;
				CLANG_WARN_SUSPICIOUS_MOVE = YES;
				CLANG_WARN_UNGUARDED_AVAILABILITY = YES_AGGRESSIVE;
				CLANG_WARN_UNREACHABLE_CODE = YES;
				CLANG_WARN__DUPLICATE_METHOD_MATCH = YES;
				COPY_PHASE_STRIP = NO;
				DEBUG_INFORMATION_FORMAT = dwarf;
				ENABLE_STRICT_OBJC_MSGSEND = YES;
				ENABLE_TESTABILITY = YES;
				GCC_C_LANGUAGE_STANDARD = gnu11;
				GCC_DYNAMIC_NO_PIC = NO;
				GCC_NO_COMMON_BLOCKS = YES;
				GCC_OPTIMIZATION_LEVEL = 0;
				GCC_PREPROCESSOR_DEFINITIONS = (
					"DEBUG=1",
					"$(inherited)",
				);
				GCC_WARN_64_TO_32_BIT_CONVERSION = YES;
				GCC_WARN_ABOUT_RETURN_TYPE = YES_ERROR;
				GCC_WARN_UNDECLARED_SELECTOR = YES;
				GCC_WARN_UNINITIALIZED_AUTOS = YES_AGGRESSIVE;
				GCC_WARN_UNUSED_FUNCTION = YES;
				GCC_WARN_UNUSED_VARIABLE = YES;
				IPHONEOS_DEPLOYMENT_TARGET = 16.1;
				MTL_ENABLE_DEBUG_INFO = INCLUDE_SOURCE;
				MTL_FAST_MATH = YES;
				ONLY_ACTIVE_ARCH = YES;
				SDKROOT = iphoneos;
				SWIFT_ACTIVE_COMPILATION_CONDITIONS = DEBUG;
				SWIFT_OPTIMIZATION_LEVEL = "-Onone";
			};
			name = Debug;
		};
		037C65D1297CFE2000A41451 /* Release */ = {
			isa = XCBuildConfiguration;
			buildSettings = {
				ALWAYS_SEARCH_USER_PATHS = NO;
				CLANG_ANALYZER_NONNULL = YES;
				CLANG_ANALYZER_NUMBER_OBJECT_CONVERSION = YES_AGGRESSIVE;
				CLANG_CXX_LANGUAGE_STANDARD = "gnu++20";
				CLANG_ENABLE_MODULES = YES;
				CLANG_ENABLE_OBJC_ARC = YES;
				CLANG_ENABLE_OBJC_WEAK = YES;
				CLANG_WARN_BLOCK_CAPTURE_AUTORELEASING = YES;
				CLANG_WARN_BOOL_CONVERSION = YES;
				CLANG_WARN_COMMA = YES;
				CLANG_WARN_CONSTANT_CONVERSION = YES;
				CLANG_WARN_DEPRECATED_OBJC_IMPLEMENTATIONS = YES;
				CLANG_WARN_DIRECT_OBJC_ISA_USAGE = YES_ERROR;
				CLANG_WARN_DOCUMENTATION_COMMENTS = YES;
				CLANG_WARN_EMPTY_BODY = YES;
				CLANG_WARN_ENUM_CONVERSION = YES;
				CLANG_WARN_INFINITE_RECURSION = YES;
				CLANG_WARN_INT_CONVERSION = YES;
				CLANG_WARN_NON_LITERAL_NULL_CONVERSION = YES;
				CLANG_WARN_OBJC_IMPLICIT_RETAIN_SELF = YES;
				CLANG_WARN_OBJC_LITERAL_CONVERSION = YES;
				CLANG_WARN_OBJC_ROOT_CLASS = YES_ERROR;
				CLANG_WARN_QUOTED_INCLUDE_IN_FRAMEWORK_HEADER = YES;
				CLANG_WARN_RANGE_LOOP_ANALYSIS = YES;
				CLANG_WARN_STRICT_PROTOTYPES = YES;
				CLANG_WARN_SUSPICIOUS_MOVE = YES;
				CLANG_WARN_UNGUARDED_AVAILABILITY = YES_AGGRESSIVE;
				CLANG_WARN_UNREACHABLE_CODE = YES;
				CLANG_WARN__DUPLICATE_METHOD_MATCH = YES;
				COPY_PHASE_STRIP = NO;
				DEBUG_INFORMATION_FORMAT = "dwarf-with-dsym";
				ENABLE_NS_ASSERTIONS = NO;
				ENABLE_STRICT_OBJC_MSGSEND = YES;
				GCC_C_LANGUAGE_STANDARD = gnu11;
				GCC_NO_COMMON_BLOCKS = YES;
				GCC_WARN_64_TO_32_BIT_CONVERSION = YES;
				GCC_WARN_ABOUT_RETURN_TYPE = YES_ERROR;
				GCC_WARN_UNDECLARED_SELECTOR = YES;
				GCC_WARN_UNINITIALIZED_AUTOS = YES_AGGRESSIVE;
				GCC_WARN_UNUSED_FUNCTION = YES;
				GCC_WARN_UNUSED_VARIABLE = YES;
				IPHONEOS_DEPLOYMENT_TARGET = 16.1;
				MTL_ENABLE_DEBUG_INFO = NO;
				MTL_FAST_MATH = YES;
				SDKROOT = iphoneos;
				SWIFT_COMPILATION_MODE = wholemodule;
				SWIFT_OPTIMIZATION_LEVEL = "-O";
				VALIDATE_PRODUCT = YES;
			};
			name = Release;
		};
		037C65D3297CFE2000A41451 /* Debug */ = {
			isa = XCBuildConfiguration;
			baseConfigurationReference = 08EB781CF4E6256808B7A458 /* Pods-GCA.debug.xcconfig */;
			buildSettings = {
				ASSETCATALOG_COMPILER_APPICON_NAME = AppIcon;
				ASSETCATALOG_COMPILER_GLOBAL_ACCENT_COLOR_NAME = AccentColor;
				CODE_SIGN_STYLE = Automatic;
				CURRENT_PROJECT_VERSION = 1;
				GENERATE_INFOPLIST_FILE = YES;
				INFOPLIST_FILE = GCA/Info.plist;
				INFOPLIST_KEY_UIApplicationSupportsIndirectInputEvents = YES;
				INFOPLIST_KEY_UILaunchStoryboardName = LaunchScreen;
				INFOPLIST_KEY_UIMainStoryboardFile = Main;
				INFOPLIST_KEY_UISupportedInterfaceOrientations_iPad = "UIInterfaceOrientationPortrait UIInterfaceOrientationPortraitUpsideDown UIInterfaceOrientationLandscapeLeft UIInterfaceOrientationLandscapeRight";
				INFOPLIST_KEY_UISupportedInterfaceOrientations_iPhone = "UIInterfaceOrientationPortrait UIInterfaceOrientationLandscapeLeft UIInterfaceOrientationLandscapeRight";
				LD_RUNPATH_SEARCH_PATHS = (
					"$(inherited)",
					"@executable_path/Frameworks",
				);
				MARKETING_VERSION = 1.0;
				PRODUCT_BUNDLE_IDENTIFIER = Iona.GCA;
				PRODUCT_NAME = "$(TARGET_NAME)";
				SWIFT_EMIT_LOC_STRINGS = YES;
				SWIFT_VERSION = 5.0;
				TARGETED_DEVICE_FAMILY = "1,2";
			};
			name = Debug;
		};
		037C65D4297CFE2000A41451 /* Release */ = {
			isa = XCBuildConfiguration;
			baseConfigurationReference = BD09495108DF0A22453413ED /* Pods-GCA.release.xcconfig */;
			buildSettings = {
				ASSETCATALOG_COMPILER_APPICON_NAME = AppIcon;
				ASSETCATALOG_COMPILER_GLOBAL_ACCENT_COLOR_NAME = AccentColor;
				CODE_SIGN_STYLE = Automatic;
				CURRENT_PROJECT_VERSION = 1;
				GENERATE_INFOPLIST_FILE = YES;
				INFOPLIST_FILE = GCA/Info.plist;
				INFOPLIST_KEY_UIApplicationSupportsIndirectInputEvents = YES;
				INFOPLIST_KEY_UILaunchStoryboardName = LaunchScreen;
				INFOPLIST_KEY_UIMainStoryboardFile = Main;
				INFOPLIST_KEY_UISupportedInterfaceOrientations_iPad = "UIInterfaceOrientationPortrait UIInterfaceOrientationPortraitUpsideDown UIInterfaceOrientationLandscapeLeft UIInterfaceOrientationLandscapeRight";
				INFOPLIST_KEY_UISupportedInterfaceOrientations_iPhone = "UIInterfaceOrientationPortrait UIInterfaceOrientationLandscapeLeft UIInterfaceOrientationLandscapeRight";
				LD_RUNPATH_SEARCH_PATHS = (
					"$(inherited)",
					"@executable_path/Frameworks",
				);
				MARKETING_VERSION = 1.0;
				PRODUCT_BUNDLE_IDENTIFIER = Iona.GCA;
				PRODUCT_NAME = "$(TARGET_NAME)";
				SWIFT_EMIT_LOC_STRINGS = YES;
				SWIFT_VERSION = 5.0;
				TARGETED_DEVICE_FAMILY = "1,2";
			};
			name = Release;
		};
/* End XCBuildConfiguration section */

/* Begin XCConfigurationList section */
		037C65B6297CFE1F00A41451 /* Build configuration list for PBXProject "GCA" */ = {
			isa = XCConfigurationList;
			buildConfigurations = (
				037C65D0297CFE2000A41451 /* Debug */,
				037C65D1297CFE2000A41451 /* Release */,
			);
			defaultConfigurationIsVisible = 0;
			defaultConfigurationName = Release;
		};
		037C65D2297CFE2000A41451 /* Build configuration list for PBXNativeTarget "GCA" */ = {
			isa = XCConfigurationList;
			buildConfigurations = (
				037C65D3297CFE2000A41451 /* Debug */,
				037C65D4297CFE2000A41451 /* Release */,
			);
			defaultConfigurationIsVisible = 0;
			defaultConfigurationName = Release;
		};
/* End XCConfigurationList section */

/* Begin XCVersionGroup section */
		037C65C7297CFE1F00A41451 /* GCA.xcdatamodeld */ = {
			isa = XCVersionGroup;
			children = (
				037C65C8297CFE1F00A41451 /* GCA.xcdatamodel */,
			);
			currentVersion = 037C65C8297CFE1F00A41451 /* GCA.xcdatamodel */;
			path = GCA.xcdatamodeld;
			sourceTree = "<group>";
			versionGroupType = wrapper.xcdatamodel;
		};
/* End XCVersionGroup section */
	};
	rootObject = 037C65B3297CFE1F00A41451 /* Project object */;
}
